
Microsoft Visual Studio Solution File, Format Version 12.00
# Visual Studio Version 17
VisualStudioVersion = 17.14.36401.2
MinimumVisualStudioVersion = 10.0.40219.1
Project("{FAE04EC0-301F-11D3-BF4B-00C04F79EFBC}") = "OnboardingApp", "OnboardingApp\OnboardingApp.csproj", "{FC6E2956-8A83-4050-A43D-D4FE082E0CFF}"
EndProject
Global
	GlobalSection(SolutionConfigurationPlatforms) = preSolution
		Debug|Any CPU = Debug|Any CPU
		Debug|x64 = Debug|x64
		Debug|x86 = Debug|x86
		Release|Any CPU = Release|Any CPU
		Release|x64 = Release|x64
		Release|x86 = Release|x86
	EndGlobalSection
	GlobalSection(ProjectConfigurationPlatforms) = postSolution
		{FC6E2956-8A83-4050-A43D-D4FE082E0CFF}.Debug|Any CPU.ActiveCfg = Debug|Any CPU
		{FC6E2956-8A83-4050-A43D-D4FE082E0CFF}.Debug|Any CPU.Build.0 = Debug|Any CPU
		{FC6E2956-8A83-4050-A43D-D4FE082E0CFF}.Debug|x64.ActiveCfg = Debug|Any CPU
		{FC6E2956-8A83-4050-A43D-D4FE082E0CFF}.Debug|x64.Build.0 = Debug|Any CPU
		{FC6E2956-8A83-4050-A43D-D4FE082E0CFF}.Debug|x86.ActiveCfg = Debug|Any CPU
		{FC6E2956-8A83-4050-A43D-D4FE082E0CFF}.Debug|x86.Build.0 = Debug|Any CPU
		{FC6E2956-8A83-4050-A43D-D4FE082E0CFF}.Release|Any CPU.ActiveCfg = Release|Any CPU
		{FC6E2956-8A83-4050-A43D-D4FE082E0CFF}.Release|Any CPU.Build.0 = Release|Any CPU
		{FC6E2956-8A83-4050-A43D-D4FE082E0CFF}.Release|x64.ActiveCfg = Release|Any CPU
		{FC6E2956-8A83-4050-A43D-D4FE082E0CFF}.Release|x64.Build.0 = Release|Any CPU
		{FC6E2956-8A83-4050-A43D-D4FE082E0CFF}.Release|x86.ActiveCfg = Release|Any CPU
		{FC6E2956-8A83-4050-A43D-D4FE082E0CFF}.Release|x86.Build.0 = Release|Any CPU
	EndGlobalSection
	GlobalSection(SolutionProperties) = preSolution
		HideSolutionNode = FALSE
	EndGlobalSection
	GlobalSection(ExtensibilityGlobals) = postSolution
		SolutionGuid = {0321231F-DB4D-45F2-B7B3-380990E25BF6}
	EndGlobalSection
EndGlobal
